{
  "name": "simplewebrtc",
  "version": "3.0.1",
  "lockfileVersion": 1,
  "requires": true,
  "dependencies": {
    "base64-js": {
      "version": "1.2.1",
      "resolved": "https://registry.npmjs.org/base64-js/-/base64-js-1.2.1.tgz",
      "integrity": "sha512-dwVUVIXsBZXwTuwnXI9RK8sBmgq09NDHzyR9SAph9eqk76gKK2JSQmZARC2zRC81JC2QTtxD0ARU5qTS25gIGw=="
    },
    "event-target-shim": {
      "version": "1.1.1",
      "resolved": "https://registry.npmjs.org/event-target-shim/-/event-target-shim-1.1.1.tgz",
      "integrity": "sha1-qG5e5r2qFgVEddp5fM3fDFVphJE="
    },
    "react-native-webrtc": {
      "version": "1.58.2",
      "resolved": "https://registry.npmjs.org/react-native-webrtc/-/react-native-webrtc-1.58.2.tgz",
      "integrity": "sha1-xntpEJPTTFRpnzjA/xELo6VhXiQ=",
      "requires": {
        "base64-js": "1.2.1",
        "event-target-shim": "1.1.1"
      }
    }
  }
}
